{
    "_meta": {
        "hash": {
            "sha256": "a4a706bdb04350558f3f0778e0659c6730b4f5ab21b35dae1c6efb98c628ccf5"
        },
        "pipfile-spec": 6,
        "requires": {
            "python_version": "3.10"
        },
        "sources": [
            {
                "name": "pypi",
                "url": "https://pypi.org/simple",
                "verify_ssl": true
            }
        ]
    },
    "default": {
        "python-decouple": {
            "hashes": [
                "sha256:1596dad2670cca5b1f87d087d9adb6a1958c590df346b85d4b19a9d6f0d52cef",
                "sha256:e88a8d6bdf3b07d471a854099e455e20a6fa7a4d6ecf8631b250e3db654336e6"
            ],
            "index": "pypi",
            "version": "==3.7"
        }
    },
    "develop": {}
}
